
Microsoft Visual Studio Solution File, Format Version 12.00
# Visual Studio Version 17
VisualStudioVersion = 17.0.32112.339
MinimumVisualStudioVersion = 10.0.40219.1
Project("{FAE04EC0-301F-11D3-BF4B-00C04F79EFBC}") = "LambdaExpression", "LambdaExpression\LambdaExpression.csproj", "{A28C0071-7AFA-4332-B4A5-440C92F0513D}"
EndProject
Global
	GlobalSection(SolutionConfigurationPlatforms) = preSolution
		Debug|Any CPU = Debug|Any CPU
		Release|Any CPU = Release|Any CPU
	EndGlobalSection
	GlobalSection(ProjectConfigurationPlatforms) = postSolution
		{A28C0071-7AFA-4332-B4A5-440C92F0513D}.Debug|Any CPU.ActiveCfg = Debug|Any CPU
		{A28C0071-7AFA-4332-B4A5-440C92F0513D}.Debug|Any CPU.Build.0 = Debug|Any CPU
		{A28C0071-7AFA-4332-B4A5-440C92F0513D}.Release|Any CPU.ActiveCfg = Release|Any CPU
		{A28C0071-7AFA-4332-B4A5-440C92F0513D}.Release|Any CPU.Build.0 = Release|Any CPU
	EndGlobalSection
	GlobalSection(SolutionProperties) = preSolution
		HideSolutionNode = FALSE
	EndGlobalSection
	GlobalSection(ExtensibilityGlobals) = postSolution
		SolutionGuid = {7C89C5C0-76D0-4F05-AA79-9F15DDB6C07F}
	EndGlobalSection
EndGlobal
