
Microsoft Visual Studio Solution File, Format Version 12.00
# Visual Studio Version 17
VisualStudioVersion = 17.0.32112.339
MinimumVisualStudioVersion = 10.0.40219.1
Project("{FAE04EC0-301F-11D3-BF4B-00C04F79EFBC}") = "FileIOdemo", "FileIOdemo\FileIOdemo.csproj", "{F1D36F2B-0829-47FD-B5D1-DC91899C763A}"
EndProject
Project("{FAE04EC0-301F-11D3-BF4B-00C04F79EFBC}") = "SerializationDemo", "SerializationDemo\SerializationDemo.csproj", "{9CA173B8-DF96-43DE-9078-E9AAE54EB085}"
EndProject
Global
	GlobalSection(SolutionConfigurationPlatforms) = preSolution
		Debug|Any CPU = Debug|Any CPU
		Release|Any CPU = Release|Any CPU
	EndGlobalSection
	GlobalSection(ProjectConfigurationPlatforms) = postSolution
		{F1D36F2B-0829-47FD-B5D1-DC91899C763A}.Debug|Any CPU.ActiveCfg = Debug|Any CPU
		{F1D36F2B-0829-47FD-B5D1-DC91899C763A}.Debug|Any CPU.Build.0 = Debug|Any CPU
		{F1D36F2B-0829-47FD-B5D1-DC91899C763A}.Release|Any CPU.ActiveCfg = Release|Any CPU
		{F1D36F2B-0829-47FD-B5D1-DC91899C763A}.Release|Any CPU.Build.0 = Release|Any CPU
		{9CA173B8-DF96-43DE-9078-E9AAE54EB085}.Debug|Any CPU.ActiveCfg = Debug|Any CPU
		{9CA173B8-DF96-43DE-9078-E9AAE54EB085}.Debug|Any CPU.Build.0 = Debug|Any CPU
		{9CA173B8-DF96-43DE-9078-E9AAE54EB085}.Release|Any CPU.ActiveCfg = Release|Any CPU
		{9CA173B8-DF96-43DE-9078-E9AAE54EB085}.Release|Any CPU.Build.0 = Release|Any CPU
	EndGlobalSection
	GlobalSection(SolutionProperties) = preSolution
		HideSolutionNode = FALSE
	EndGlobalSection
	GlobalSection(ExtensibilityGlobals) = postSolution
		SolutionGuid = {FB2DB4FF-3209-4AA5-AB69-EB0E76ECF2E4}
	EndGlobalSection
EndGlobal
