
Microsoft Visual Studio Solution File, Format Version 12.00
# Visual Studio Version 17
VisualStudioVersion = 17.0.32112.339
MinimumVisualStudioVersion = 10.0.40219.1
Project("{FAE04EC0-301F-11D3-BF4B-00C04F79EFBC}") = "LinkedListDemo", "LinkedListDemo\LinkedListDemo.csproj", "{B766BF40-352A-4CFA-952F-77F145C5DF0C}"
EndProject
Project("{FAE04EC0-301F-11D3-BF4B-00C04F79EFBC}") = "QueueUsingLinkedList", "QueueUsingLinkedList\QueueUsingLinkedList.csproj", "{E66345CC-4A61-4101-BA56-16BDB734C5EA}"
EndProject
Project("{FAE04EC0-301F-11D3-BF4B-00C04F79EFBC}") = "StackUsingLinkedList", "StackUsingLinkedList\StackUsingLinkedList.csproj", "{8A350DAE-492B-4E89-BF9B-2F3ADDA9CD2A}"
EndProject
Global
	GlobalSection(SolutionConfigurationPlatforms) = preSolution
		Debug|Any CPU = Debug|Any CPU
		Release|Any CPU = Release|Any CPU
	EndGlobalSection
	GlobalSection(ProjectConfigurationPlatforms) = postSolution
		{B766BF40-352A-4CFA-952F-77F145C5DF0C}.Debug|Any CPU.ActiveCfg = Debug|Any CPU
		{B766BF40-352A-4CFA-952F-77F145C5DF0C}.Debug|Any CPU.Build.0 = Debug|Any CPU
		{B766BF40-352A-4CFA-952F-77F145C5DF0C}.Release|Any CPU.ActiveCfg = Release|Any CPU
		{B766BF40-352A-4CFA-952F-77F145C5DF0C}.Release|Any CPU.Build.0 = Release|Any CPU
		{E66345CC-4A61-4101-BA56-16BDB734C5EA}.Debug|Any CPU.ActiveCfg = Debug|Any CPU
		{E66345CC-4A61-4101-BA56-16BDB734C5EA}.Debug|Any CPU.Build.0 = Debug|Any CPU
		{E66345CC-4A61-4101-BA56-16BDB734C5EA}.Release|Any CPU.ActiveCfg = Release|Any CPU
		{E66345CC-4A61-4101-BA56-16BDB734C5EA}.Release|Any CPU.Build.0 = Release|Any CPU
		{8A350DAE-492B-4E89-BF9B-2F3ADDA9CD2A}.Debug|Any CPU.ActiveCfg = Debug|Any CPU
		{8A350DAE-492B-4E89-BF9B-2F3ADDA9CD2A}.Debug|Any CPU.Build.0 = Debug|Any CPU
		{8A350DAE-492B-4E89-BF9B-2F3ADDA9CD2A}.Release|Any CPU.ActiveCfg = Release|Any CPU
		{8A350DAE-492B-4E89-BF9B-2F3ADDA9CD2A}.Release|Any CPU.Build.0 = Release|Any CPU
	EndGlobalSection
	GlobalSection(SolutionProperties) = preSolution
		HideSolutionNode = FALSE
	EndGlobalSection
	GlobalSection(ExtensibilityGlobals) = postSolution
		SolutionGuid = {BA67A468-F2F3-4B68-9ABC-A2DC9ADF972D}
	EndGlobalSection
EndGlobal
