
Microsoft Visual Studio Solution File, Format Version 12.00
# Visual Studio Version 17
VisualStudioVersion = 17.0.32112.339
MinimumVisualStudioVersion = 10.0.40219.1
Project("{FAE04EC0-301F-11D3-BF4B-00C04F79EFBC}") = "ReflectionDemo", "ReflectionDemo\ReflectionDemo.csproj", "{15E0B714-61C4-4568-8662-2DFB347D56EB}"
EndProject
Project("{FAE04EC0-301F-11D3-BF4B-00C04F79EFBC}") = "AnnotationDemo", "AnnotationDemo\AnnotationDemo.csproj", "{B413722D-8A05-4264-B1BB-898FA2EE4BE1}"
EndProject
Project("{FAE04EC0-301F-11D3-BF4B-00C04F79EFBC}") = "GarbageCollection", "GarbageCollection\GarbageCollection.csproj", "{D2F7433B-7583-4F74-9C5D-2B223C5E77D5}"
EndProject
Global
	GlobalSection(SolutionConfigurationPlatforms) = preSolution
		Debug|Any CPU = Debug|Any CPU
		Release|Any CPU = Release|Any CPU
	EndGlobalSection
	GlobalSection(ProjectConfigurationPlatforms) = postSolution
		{15E0B714-61C4-4568-8662-2DFB347D56EB}.Debug|Any CPU.ActiveCfg = Debug|Any CPU
		{15E0B714-61C4-4568-8662-2DFB347D56EB}.Debug|Any CPU.Build.0 = Debug|Any CPU
		{15E0B714-61C4-4568-8662-2DFB347D56EB}.Release|Any CPU.ActiveCfg = Release|Any CPU
		{15E0B714-61C4-4568-8662-2DFB347D56EB}.Release|Any CPU.Build.0 = Release|Any CPU
		{B413722D-8A05-4264-B1BB-898FA2EE4BE1}.Debug|Any CPU.ActiveCfg = Debug|Any CPU
		{B413722D-8A05-4264-B1BB-898FA2EE4BE1}.Debug|Any CPU.Build.0 = Debug|Any CPU
		{B413722D-8A05-4264-B1BB-898FA2EE4BE1}.Release|Any CPU.ActiveCfg = Release|Any CPU
		{B413722D-8A05-4264-B1BB-898FA2EE4BE1}.Release|Any CPU.Build.0 = Release|Any CPU
		{D2F7433B-7583-4F74-9C5D-2B223C5E77D5}.Debug|Any CPU.ActiveCfg = Debug|Any CPU
		{D2F7433B-7583-4F74-9C5D-2B223C5E77D5}.Debug|Any CPU.Build.0 = Debug|Any CPU
		{D2F7433B-7583-4F74-9C5D-2B223C5E77D5}.Release|Any CPU.ActiveCfg = Release|Any CPU
		{D2F7433B-7583-4F74-9C5D-2B223C5E77D5}.Release|Any CPU.Build.0 = Release|Any CPU
	EndGlobalSection
	GlobalSection(SolutionProperties) = preSolution
		HideSolutionNode = FALSE
	EndGlobalSection
	GlobalSection(ExtensibilityGlobals) = postSolution
		SolutionGuid = {B1D80A51-003D-490E-B164-B7685B29AF4A}
	EndGlobalSection
EndGlobal
